
Microsoft Visual Studio Solution File, Format Version 12.00
# Visual Studio Version 17
VisualStudioVersion = 17.13.35931.197
MinimumVisualStudioVersion = 10.0.40219.1
Project("{FAE04EC0-301F-11D3-BF4B-00C04F79EFBC}") = "WebApi", "WebApi\WebApi.csproj", "{6BC5C41B-A2D9-4385-B7C6-1B9983339C2F}"
EndProject
Project("{FAE04EC0-301F-11D3-BF4B-00C04F79EFBC}") = "WebApi.Tests", "Tests\WebApi.Tests\WebApi.Tests.csproj", "{66A50998-60E2-44CB-BC32-03E57024D245}"
EndProject
Global
	GlobalSection(SolutionConfigurationPlatforms) = preSolution
		Debug|Any CPU = Debug|Any CPU
		Release|Any CPU = Release|Any CPU
	EndGlobalSection
	GlobalSection(ProjectConfigurationPlatforms) = postSolution
		{6BC5C41B-A2D9-4385-B7C6-1B9983339C2F}.Debug|Any CPU.ActiveCfg = Debug|Any CPU
		{6BC5C41B-A2D9-4385-B7C6-1B9983339C2F}.Debug|Any CPU.Build.0 = Debug|Any CPU
		{6BC5C41B-A2D9-4385-B7C6-1B9983339C2F}.Release|Any CPU.ActiveCfg = Release|Any CPU
		{6BC5C41B-A2D9-4385-B7C6-1B9983339C2F}.Release|Any CPU.Build.0 = Release|Any CPU
		{66A50998-60E2-44CB-BC32-03E57024D245}.Debug|Any CPU.ActiveCfg = Debug|Any CPU
		{66A50998-60E2-44CB-BC32-03E57024D245}.Debug|Any CPU.Build.0 = Debug|Any CPU
		{66A50998-60E2-44CB-BC32-03E57024D245}.Release|Any CPU.ActiveCfg = Release|Any CPU
		{66A50998-60E2-44CB-BC32-03E57024D245}.Release|Any CPU.Build.0 = Release|Any CPU
	EndGlobalSection
	GlobalSection(SolutionProperties) = preSolution
		HideSolutionNode = FALSE
	EndGlobalSection
	GlobalSection(ExtensibilityGlobals) = postSolution
		SolutionGuid = {1235B0A3-20A2-4B76-971F-1D33FAF848ED}
	EndGlobalSection
EndGlobal
